// !$*UTF8*$!
{
	archiveVersion = 1;
	classes = {
	};
	objectVersion = 46;
	objects = {

/* Begin PBXBuildFile section */
		3E3BE1B11DA2CAA100864365 /* main.m in Sources */ = {isa = PBXBuildFile; fileRef = 3E3BE1B01DA2CAA100864365 /* main.m */; };
		3E3BE1B41DA2CAA100864365 /* AppDelegate.m in Sources */ = {isa = PBXBuildFile; fileRef = 3E3BE1B31DA2CAA100864365 /* AppDelegate.m */; };
		3E3BE1B71DA2CAA100864365 /* LakeMapVC.m in Sources */ = {isa = PBXBuildFile; fileRef = 3E3BE1B61DA2CAA100864365 /* LakeMapVC.m */; };
		3E3BE1BA1DA2CAA100864365 /* Main.storyboard in Resources */ = {isa = PBXBuildFile; fileRef = 3E3BE1B81DA2CAA100864365 /* Main.storyboard */; };
		3E3BE1BC1DA2CAA100864365 /* Assets.xcassets in Resources */ = {isa = PBXBuildFile; fileRef = 3E3BE1BB1DA2CAA100864365 /* Assets.xcassets */; };
		3E3BE1BF1DA2CAA100864365 /* LaunchScreen.storyboard in Resources */ = {isa = PBXBuildFile; fileRef = 3E3BE1BD1DA2CAA100864365 /* LaunchScreen.storyboard */; };
		3E5D4D751DA457F500E7124A /* CSMarker.m in Sources */ = {isa = PBXBuildFile; fileRef = 3E5D4D741DA457F500E7124A /* CSMarker.m */; };
		D9E1AC8E360E9BEAC1D81FEF /* Pods_GM01_AddingMarkersToMap.framework in Frameworks */ = {isa = PBXBuildFile; fileRef = 8F0C58C885A570404D90CC8B /* Pods_GM01_AddingMarkersToMap.framework */; };
/* End PBXBuildFile section */

/* Begin PBXFileReference section */
		3E3BE1AC1DA2CAA100864365 /* GM01_AddingMarkersToMap.app */ = {isa = PBXFileReference; explicitFileType = wrapper.application; includeInIndex = 0; path = GM01_AddingMarkersToMap.app; sourceTree = BUILT_PRODUCTS_DIR; };
		3E3BE1B01DA2CAA100864365 /* main.m */ = {isa = PBXFileReference; lastKnownFileType = sourcecode.c.objc; path = main.m; sourceTree = "<group>"; };
		3E3BE1B21DA2CAA100864365 /* AppDelegate.h */ = {isa = PBXFileReference; lastKnownFileType = sourcecode.c.h; path = AppDelegate.h; sourceTree = "<group>"; };
		3E3BE1B31DA2CAA100864365 /* AppDelegate.m */ = {isa = PBXFileReference; lastKnownFileType = sourcecode.c.objc; path = AppDelegate.m; sourceTree = "<group>"; };
		3E3BE1B51DA2CAA100864365 /* LakeMapVC.h */ = {isa = PBXFileReference; lastKnownFileType = sourcecode.c.h; path = LakeMapVC.h; sourceTree = "<group>"; };
		3E3BE1B61DA2CAA100864365 /* LakeMapVC.m */ = {isa = PBXFileReference; lastKnownFileType = sourcecode.c.objc; path = LakeMapVC.m; sourceTree = "<group>"; };
		3E3BE1B91DA2CAA100864365 /* Base */ = {isa = PBXFileReference; lastKnownFileType = file.storyboard; name = Base; path = Base.lproj/Main.storyboard; sourceTree = "<group>"; };
		3E3BE1BB1DA2CAA100864365 /* Assets.xcassets */ = {isa = PBXFileReference; lastKnownFileType = folder.assetcatalog; path = Assets.xcassets; sourceTree = "<group>"; };
		3E3BE1BE1DA2CAA100864365 /* Base */ = {isa = PBXFileReference; lastKnownFileType = file.storyboard; name = Base; path = Base.lproj/LaunchScreen.storyboard; sourceTree = "<group>"; };
		3E3BE1C01DA2CAA100864365 /* Info.plist */ = {isa = PBXFileReference; lastKnownFileType = text.plist.xml; path = Info.plist; sourceTree = "<group>"; };
		3E5D4D731DA457F500E7124A /* CSMarker.h */ = {isa = PBXFileReference; fileEncoding = 4; lastKnownFileType = sourcecode.c.h; path = CSMarker.h; sourceTree = "<group>"; };
		3E5D4D741DA457F500E7124A /* CSMarker.m */ = {isa = PBXFileReference; fileEncoding = 4; lastKnownFileType = sourcecode.c.objc; path = CSMarker.m; sourceTree = "<group>"; };
		8CEA99B7A6D5C0FBFFAA25C6 /* Pods-GM01_AddingMarkersToMap.debug.xcconfig */ = {isa = PBXFileReference; includeInIndex = 1; lastKnownFileType = text.xcconfig; name = "Pods-GM01_AddingMarkersToMap.debug.xcconfig"; path = "Pods/Target Support Files/Pods-GM01_AddingMarkersToMap/Pods-GM01_AddingMarkersToMap.debug.xcconfig"; sourceTree = "<group>"; };
		8F0C58C885A570404D90CC8B /* Pods_GM01_AddingMarkersToMap.framework */ = {isa = PBXFileReference; explicitFileType = wrapper.framework; includeInIndex = 0; path = Pods_GM01_AddingMarkersToMap.framework; sourceTree = BUILT_PRODUCTS_DIR; };
		E6E0CE83A24F96FB1BFCAECA /* Pods-GM01_AddingMarkersToMap.release.xcconfig */ = {isa = PBXFileReference; includeInIndex = 1; lastKnownFileType = text.xcconfig; name = "Pods-GM01_AddingMarkersToMap.release.xcconfig"; path = "Pods/Target Support Files/Pods-GM01_AddingMarkersToMap/Pods-GM01_AddingMarkersToMap.release.xcconfig"; sourceTree = "<group>"; };
/* End PBXFileReference section */

/* Begin PBXFrameworksBuildPhase section */
		3E3BE1A91DA2CAA100864365 /* Frameworks */ = {
			isa = PBXFrameworksBuildPhase;
			buildActionMask = 2147483647;
			files = (
				D9E1AC8E360E9BEAC1D81FEF /* Pods_GM01_AddingMarkersToMap.framework in Frameworks */,
			);
			runOnlyForDeploymentPostprocessing = 0;
		};
/* End PBXFrameworksBuildPhase section */

/* Begin PBXGroup section */
		0AD1DCC643A22F4BEE6AB230 /* Frameworks */ = {
			isa = PBXGroup;
			children = (
				8F0C58C885A570404D90CC8B /* Pods_GM01_AddingMarkersToMap.framework */,
			);
			name = Frameworks;
			sourceTree = "<group>";
		};
		3E3BE1A31DA2CAA100864365 = {
			isa = PBXGroup;
			children = (
				3E3BE1AE1DA2CAA100864365 /* AddingMarkersToMap */,
				3E3BE1AD1DA2CAA100864365 /* Products */,
				A919810CFC2E4DEA851ACB94 /* Pods */,
				0AD1DCC643A22F4BEE6AB230 /* Frameworks */,
			);
			sourceTree = "<group>";
		};
		3E3BE1AD1DA2CAA100864365 /* Products */ = {
			isa = PBXGroup;
			children = (
				3E3BE1AC1DA2CAA100864365 /* GM01_AddingMarkersToMap.app */,
			);
			name = Products;
			sourceTree = "<group>";
		};
		3E3BE1AE1DA2CAA100864365 /* AddingMarkersToMap */ = {
			isa = PBXGroup;
			children = (
				3E3BE1B21DA2CAA100864365 /* AppDelegate.h */,
				3E3BE1B31DA2CAA100864365 /* AppDelegate.m */,
				3E3BE1C61DA2D72F00864365 /* Controllers */,
				3E3BE1C71DA2D74300864365 /* Model */,
				3E3BE1C81DA2D74E00864365 /* Views */,
				3E3BE1B81DA2CAA100864365 /* Main.storyboard */,
				3E3BE1BB1DA2CAA100864365 /* Assets.xcassets */,
				3E3BE1BD1DA2CAA100864365 /* LaunchScreen.storyboard */,
				3E3BE1C01DA2CAA100864365 /* Info.plist */,
				3E3BE1AF1DA2CAA100864365 /* Supporting Files */,
			);
			name = AddingMarkersToMap;
			path = GM01_AddingMarkersToMap;
			sourceTree = "<group>";
		};
		3E3BE1AF1DA2CAA100864365 /* Supporting Files */ = {
			isa = PBXGroup;
			children = (
				3E3BE1B01DA2CAA100864365 /* main.m */,
			);
			name = "Supporting Files";
			sourceTree = "<group>";
		};
		3E3BE1C61DA2D72F00864365 /* Controllers */ = {
			isa = PBXGroup;
			children = (
				3E3BE1B51DA2CAA100864365 /* LakeMapVC.h */,
				3E3BE1B61DA2CAA100864365 /* LakeMapVC.m */,
			);
			name = Controllers;
			sourceTree = "<group>";
		};
		3E3BE1C71DA2D74300864365 /* Model */ = {
			isa = PBXGroup;
			children = (
				3E5D4D731DA457F500E7124A /* CSMarker.h */,
				3E5D4D741DA457F500E7124A /* CSMarker.m */,
			);
			name = Model;
			sourceTree = "<group>";
		};
		3E3BE1C81DA2D74E00864365 /* Views */ = {
			isa = PBXGroup;
			children = (
			);
			name = Views;
			sourceTree = "<group>";
		};
		A919810CFC2E4DEA851ACB94 /* Pods */ = {
			isa = PBXGroup;
			children = (
				8CEA99B7A6D5C0FBFFAA25C6 /* Pods-GM01_AddingMarkersToMap.debug.xcconfig */,
				E6E0CE83A24F96FB1BFCAECA /* Pods-GM01_AddingMarkersToMap.release.xcconfig */,
			);
			name = Pods;
			sourceTree = "<group>";
		};
/* End PBXGroup section */

/* Begin PBXNativeTarget section */
		3E3BE1AB1DA2CAA100864365 /* GM01_AddingMarkersToMap */ = {
			isa = PBXNativeTarget;
			buildConfigurationList = 3E3BE1C31DA2CAA100864365 /* Build configuration list for PBXNativeTarget "GM01_AddingMarkersToMap" */;
			buildPhases = (
				14BFB0D45A27CA1CCC369034 /* [CP] Check Pods Manifest.lock */,
				3E3BE1A81DA2CAA100864365 /* Sources */,
				3E3BE1A91DA2CAA100864365 /* Frameworks */,
				3E3BE1AA1DA2CAA100864365 /* Resources */,
				0C59E95FAEF7DAB4B8082D38 /* [CP] Embed Pods Frameworks */,
				73B0AD2E16D7B215740B64D8 /* [CP] Copy Pods Resources */,
			);
			buildRules = (
			);
			dependencies = (
			);
			name = GM01_AddingMarkersToMap;
			productName = GM01_AddingMarkersToMap;
			productReference = 3E3BE1AC1DA2CAA100864365 /* GM01_AddingMarkersToMap.app */;
			productType = "com.apple.product-type.application";
		};
/* End PBXNativeTarget section */

/* Begin PBXProject section */
		3E3BE1A41DA2CAA100864365 /* Project object */ = {
			isa = PBXProject;
			attributes = {
				LastUpgradeCheck = 0800;
				ORGANIZATIONNAME = "Aleksandr Pronin";
				TargetAttributes = {
					3E3BE1AB1DA2CAA100864365 = {
						CreatedOnToolsVersion = 8.0;
						DevelopmentTeam = Q8M6V9HM9E;
						ProvisioningStyle = Automatic;
					};
				};
			};
			buildConfigurationList = 3E3BE1A71DA2CAA100864365 /* Build configuration list for PBXProject "GM01_AddingMarkersToMap" */;
			compatibilityVersion = "Xcode 3.2";
			developmentRegion = English;
			hasScannedForEncodings = 0;
			knownRegions = (
				en,
				Base,
			);
			mainGroup = 3E3BE1A31DA2CAA100864365;
			productRefGroup = 3E3BE1AD1DA2CAA100864365 /* Products */;
			projectDirPath = "";
			projectRoot = "";
			targets = (
				3E3BE1AB1DA2CAA100864365 /* GM01_AddingMarkersToMap */,
			);
		};
/* End PBXProject section */

/* Begin PBXResourcesBuildPhase section */
		3E3BE1AA1DA2CAA100864365 /* Resources */ = {
			isa = PBXResourcesBuildPhase;
			buildActionMask = 2147483647;
			files = (
				3E3BE1BF1DA2CAA100864365 /* LaunchScreen.storyboard in Resources */,
				3E3BE1BC1DA2CAA100864365 /* Assets.xcassets in Resources */,
				3E3BE1BA1DA2CAA100864365 /* Main.storyboard in Resources */,
			);
			runOnlyForDeploymentPostprocessing = 0;
		};
/* End PBXResourcesBuildPhase section */

/* Begin PBXShellScriptBuildPhase section */
		0C59E95FAEF7DAB4B8082D38 /* [CP] Embed Pods Frameworks */ = {
			isa = PBXShellScriptBuildPhase;
			buildActionMask = 2147483647;
			files = (
			);
			inputPaths = (
			);
			name = "[CP] Embed Pods Frameworks";
			outputPaths = (
			);
			runOnlyForDeploymentPostprocessing = 0;
			shellPath = /bin/sh;
			shellScript = "\"${SRCROOT}/Pods/Target Support Files/Pods-GM01_AddingMarkersToMap/Pods-GM01_AddingMarkersToMap-frameworks.sh\"\n";
			showEnvVarsInLog = 0;
		};
		14BFB0D45A27CA1CCC369034 /* [CP] Check Pods Manifest.lock */ = {
			isa = PBXShellScriptBuildPhase;
			buildActionMask = 2147483647;
			files = (
			);
			inputPaths = (
			);
			name = "[CP] Check Pods Manifest.lock";
			outputPaths = (
			);
			runOnlyForDeploymentPostprocessing = 0;
			shellPath = /bin/sh;
			shellScript = "diff \"${PODS_ROOT}/../Podfile.lock\" \"${PODS_ROOT}/Manifest.lock\" > /dev/null\nif [[ $? != 0 ]] ; then\n    cat << EOM\nerror: The sandbox is not in sync with the Podfile.lock. Run 'pod install' or update your CocoaPods installation.\nEOM\n    exit 1\nfi\n";
			showEnvVarsInLog = 0;
		};
		73B0AD2E16D7B215740B64D8 /* [CP] Copy Pods Resources */ = {
			isa = PBXShellScriptBuildPhase;
			buildActionMask = 2147483647;
			files = (
			);
			inputPaths = (
			);
			name = "[CP] Copy Pods Resources";
			outputPaths = (
			);
			runOnlyForDeploymentPostprocessing = 0;
			shellPath = /bin/sh;
			shellScript = "\"${SRCROOT}/Pods/Target Support Files/Pods-GM01_AddingMarkersToMap/Pods-GM01_AddingMarkersToMap-resources.sh\"\n";
			showEnvVarsInLog = 0;
		};
/* End PBXShellScriptBuildPhase section */

/* Begin PBXSourcesBuildPhase section */
		3E3BE1A81DA2CAA100864365 /* Sources */ = {
			isa = PBXSourcesBuildPhase;
			buildActionMask = 2147483647;
			files = (
				3E3BE1B71DA2CAA100864365 /* LakeMapVC.m in Sources */,
				3E5D4D751DA457F500E7124A /* CSMarker.m in Sources */,
				3E3BE1B41DA2CAA100864365 /* AppDelegate.m in Sources */,
				3E3BE1B11DA2CAA100864365 /* main.m in Sources */,
			);
			runOnlyForDeploymentPostprocessing = 0;
		};
/* End PBXSourcesBuildPhase section */

/* Begin PBXVariantGroup section */
		3E3BE1B81DA2CAA100864365 /* Main.storyboard */ = {
			isa = PBXVariantGroup;
			children = (
				3E3BE1B91DA2CAA100864365 /* Base */,
			);
			name = Main.storyboard;
			sourceTree = "<group>";
		};
		3E3BE1BD1DA2CAA100864365 /* LaunchScreen.storyboard */ = {
			isa = PBXVariantGroup;
			children = (
				3E3BE1BE1DA2CAA100864365 /* Base */,
			);
			name = LaunchScreen.storyboard;
			sourceTree = "<group>";
		};
/* End PBXVariantGroup section */

/* Begin XCBuildConfiguration section */
		3E3BE1C11DA2CAA100864365 /* Debug */ = {
			isa = XCBuildConfiguration;
			buildSettings = {
				ALWAYS_SEARCH_USER_PATHS = NO;
				CLANG_ANALYZER_NONNULL = YES;
				CLANG_CXX_LANGUAGE_STANDARD = "gnu++0x";
				CLANG_CXX_LIBRARY = "libc++";
				CLANG_ENABLE_MODULES = YES;
				CLANG_ENABLE_OBJC_ARC = YES;
				CLANG_WARN_BOOL_CONVERSION = YES;
				CLANG_WARN_CONSTANT_CONVERSION = YES;
				CLANG_WARN_DIRECT_OBJC_ISA_USAGE = YES_ERROR;
				CLANG_WARN_DOCUMENTATION_COMMENTS = YES;
				CLANG_WARN_EMPTY_BODY = YES;
				CLANG_WARN_ENUM_CONVERSION = YES;
				CLANG_WARN_INFINITE_RECURSION = YES;
				CLANG_WARN_INT_CONVERSION = YES;
				CLANG_WARN_OBJC_ROOT_CLASS = YES_ERROR;
				CLANG_WARN_SUSPICIOUS_MOVES = YES;
				CLANG_WARN_UNREACHABLE_CODE = YES;
				CLANG_WARN__DUPLICATE_METHOD_MATCH = YES;
				"CODE_SIGN_IDENTITY[sdk=iphoneos*]" = "iPhone Developer";
				COPY_PHASE_STRIP = NO;
				DEBUG_INFORMATION_FORMAT = dwarf;
				ENABLE_STRICT_OBJC_MSGSEND = YES;
				ENABLE_TESTABILITY = YES;
				GCC_C_LANGUAGE_STANDARD = gnu99;
				GCC_DYNAMIC_NO_PIC = NO;
				GCC_NO_COMMON_BLOCKS = YES;
				GCC_OPTIMIZATION_LEVEL = 0;
				GCC_PREPROCESSOR_DEFINITIONS = (
					"DEBUG=1",
					"$(inherited)",
				);
				GCC_WARN_64_TO_32_BIT_CONVERSION = YES;
				GCC_WARN_ABOUT_RETURN_TYPE = YES_ERROR;
				GCC_WARN_UNDECLARED_SELECTOR = YES;
				GCC_WARN_UNINITIALIZED_AUTOS = YES_AGGRESSIVE;
				GCC_WARN_UNUSED_FUNCTION = YES;
				GCC_WARN_UNUSED_VARIABLE = YES;
				IPHONEOS_DEPLOYMENT_TARGET = 10.0;
				MTL_ENABLE_DEBUG_INFO = YES;
				ONLY_ACTIVE_ARCH = YES;
				SDKROOT = iphoneos;
			};
			name = Debug;
		};
		3E3BE1C21DA2CAA100864365 /* Release */ = {
			isa = XCBuildConfiguration;
			buildSettings = {
				ALWAYS_SEARCH_USER_PATHS = NO;
				CLANG_ANALYZER_NONNULL = YES;
				CLANG_CXX_LANGUAGE_STANDARD = "gnu++0x";
				CLANG_CXX_LIBRARY = "libc++";
				CLANG_ENABLE_MODULES = YES;
				CLANG_ENABLE_OBJC_ARC = YES;
				CLANG_WARN_BOOL_CONVERSION = YES;
				CLANG_WARN_CONSTANT_CONVERSION = YES;
				CLANG_WARN_DIRECT_OBJC_ISA_USAGE = YES_ERROR;
				CLANG_WARN_DOCUMENTATION_COMMENTS = YES;
				CLANG_WARN_EMPTY_BODY = YES;
				CLANG_WARN_ENUM_CONVERSION = YES;
				CLANG_WARN_INFINITE_RECURSION = YES;
				CLANG_WARN_INT_CONVERSION = YES;
				CLANG_WARN_OBJC_ROOT_CLASS = YES_ERROR;
				CLANG_WARN_SUSPICIOUS_MOVES = YES;
				CLANG_WARN_UNREACHABLE_CODE = YES;
				CLANG_WARN__DUPLICATE_METHOD_MATCH = YES;
				"CODE_SIGN_IDENTITY[sdk=iphoneos*]" = "iPhone Developer";
				COPY_PHASE_STRIP = NO;
				DEBUG_INFORMATION_FORMAT = "dwarf-with-dsym";
				ENABLE_NS_ASSERTIONS = NO;
				ENABLE_STRICT_OBJC_MSGSEND = YES;
				GCC_C_LANGUAGE_STANDARD = gnu99;
				GCC_NO_COMMON_BLOCKS = YES;
				GCC_WARN_64_TO_32_BIT_CONVERSION = YES;
				GCC_WARN_ABOUT_RETURN_TYPE = YES_ERROR;
				GCC_WARN_UNDECLARED_SELECTOR = YES;
				GCC_WARN_UNINITIALIZED_AUTOS = YES_AGGRESSIVE;
				GCC_WARN_UNUSED_FUNCTION = YES;
				GCC_WARN_UNUSED_VARIABLE = YES;
				IPHONEOS_DEPLOYMENT_TARGET = 10.0;
				MTL_ENABLE_DEBUG_INFO = NO;
				SDKROOT = iphoneos;
				VALIDATE_PRODUCT = YES;
			};
			name = Release;
		};
		3E3BE1C41DA2CAA100864365 /* Debug */ = {
			isa = XCBuildConfiguration;
			baseConfigurationReference = 8CEA99B7A6D5C0FBFFAA25C6 /* Pods-GM01_AddingMarkersToMap.debug.xcconfig */;
			buildSettings = {
				ASSETCATALOG_COMPILER_APPICON_NAME = AppIcon;
				DEVELOPMENT_TEAM = Q8M6V9HM9E;
				INFOPLIST_FILE = GM01_AddingMarkersToMap/Info.plist;
				LD_RUNPATH_SEARCH_PATHS = "$(inherited) @executable_path/Frameworks";
				PRODUCT_BUNDLE_IDENTIFIER = "com.rit-js.GM01-AddingMarkersToMap";
				PRODUCT_NAME = "$(TARGET_NAME)";
			};
			name = Debug;
		};
		3E3BE1C51DA2CAA100864365 /* Release */ = {
			isa = XCBuildConfiguration;
			baseConfigurationReference = E6E0CE83A24F96FB1BFCAECA /* Pods-GM01_AddingMarkersToMap.release.xcconfig */;
			buildSettings = {
				ASSETCATALOG_COMPILER_APPICON_NAME = AppIcon;
				DEVELOPMENT_TEAM = Q8M6V9HM9E;
				INFOPLIST_FILE = GM01_AddingMarkersToMap/Info.plist;
				LD_RUNPATH_SEARCH_PATHS = "$(inherited) @executable_path/Frameworks";
				PRODUCT_BUNDLE_IDENTIFIER = "com.rit-js.GM01-AddingMarkersToMap";
				PRODUCT_NAME = "$(TARGET_NAME)";
			};
			name = Release;
		};
/* End XCBuildConfiguration section */

/* Begin XCConfigurationList section */
		3E3BE1A71DA2CAA100864365 /* Build configuration list for PBXProject "GM01_AddingMarkersToMap" */ = {
			isa = XCConfigurationList;
			buildConfigurations = (
				3E3BE1C11DA2CAA100864365 /* Debug */,
				3E3BE1C21DA2CAA100864365 /* Release */,
			);
			defaultConfigurationIsVisible = 0;
			defaultConfigurationName = Release;
		};
		3E3BE1C31DA2CAA100864365 /* Build configuration list for PBXNativeTarget "GM01_AddingMarkersToMap" */ = {
			isa = XCConfigurationList;
			buildConfigurations = (
				3E3BE1C41DA2CAA100864365 /* Debug */,
				3E3BE1C51DA2CAA100864365 /* Release */,
			);
			defaultConfigurationIsVisible = 0;
			defaultConfigurationName = Release;
		};
/* End XCConfigurationList section */
	};
	rootObject = 3E3BE1A41DA2CAA100864365 /* Project object */;
}
